
Microsoft Visual Studio Solution File, Format Version 12.00
# Visual Studio 15
VisualStudioVersion = 15.0.26430.16
MinimumVisualStudioVersion = 10.0.40219.1
Project("{FAE04EC0-301F-11D3-BF4B-00C04F79EFBC}") = "01.HelloCSharp", "HelloCSharp\01.HelloCSharp.csproj", "{F17EB07D-523F-4189-B24D-C89073F3D0DB}"
EndProject
Project("{FAE04EC0-301F-11D3-BF4B-00C04F79EFBC}") = "02.Expression", "Expression\02.Expression.csproj", "{9F270D4F-F2EE-4FD1-9D8B-60A6078E7B98}"
EndProject
Project("{FAE04EC0-301F-11D3-BF4B-00C04F79EFBC}") = "03.Nums1To20", "Nums1To20\03.Nums1To20.csproj", "{C9291A22-3E54-461E-856D-E3E3872D7950}"
EndProject
Project("{FAE04EC0-301F-11D3-BF4B-00C04F79EFBC}") = "04.TriangleOf55Stars", "TriangleOf55Stars\04.TriangleOf55Stars.csproj", "{DBF0196D-3621-4F62-93A0-88DC254ABBC9}"
EndProject
Project("{FAE04EC0-301F-11D3-BF4B-00C04F79EFBC}") = "05.RectangleArea", "RectangleArea\05.RectangleArea.csproj", "{15C44A1D-A1D2-4971-BA86-A9D90A556AEF}"
EndProject
Project("{FAE04EC0-301F-11D3-BF4B-00C04F79EFBC}") = "06.SquareOfStars", "06.SquareOfStars\06.SquareOfStars.csproj", "{F3151F35-E9C7-4912-8F3D-17415169EBE4}"
EndProject
Project("{FAE04EC0-301F-11D3-BF4B-00C04F79EFBC}") = "07.Summator", "07.WebApp\07.Summator.csproj", "{3B7A0A0A-9CCB-42E6-8365-11DF87F501E9}"
EndProject
Global
	GlobalSection(SolutionConfigurationPlatforms) = preSolution
		Debug|Any CPU = Debug|Any CPU
		Release|Any CPU = Release|Any CPU
	EndGlobalSection
	GlobalSection(ProjectConfigurationPlatforms) = postSolution
		{F17EB07D-523F-4189-B24D-C89073F3D0DB}.Debug|Any CPU.ActiveCfg = Debug|Any CPU
		{F17EB07D-523F-4189-B24D-C89073F3D0DB}.Debug|Any CPU.Build.0 = Debug|Any CPU
		{F17EB07D-523F-4189-B24D-C89073F3D0DB}.Release|Any CPU.ActiveCfg = Release|Any CPU
		{F17EB07D-523F-4189-B24D-C89073F3D0DB}.Release|Any CPU.Build.0 = Release|Any CPU
		{9F270D4F-F2EE-4FD1-9D8B-60A6078E7B98}.Debug|Any CPU.ActiveCfg = Debug|Any CPU
		{9F270D4F-F2EE-4FD1-9D8B-60A6078E7B98}.Debug|Any CPU.Build.0 = Debug|Any CPU
		{9F270D4F-F2EE-4FD1-9D8B-60A6078E7B98}.Release|Any CPU.ActiveCfg = Release|Any CPU
		{9F270D4F-F2EE-4FD1-9D8B-60A6078E7B98}.Release|Any CPU.Build.0 = Release|Any CPU
		{C9291A22-3E54-461E-856D-E3E3872D7950}.Debug|Any CPU.ActiveCfg = Debug|Any CPU
		{C9291A22-3E54-461E-856D-E3E3872D7950}.Debug|Any CPU.Build.0 = Debug|Any CPU
		{C9291A22-3E54-461E-856D-E3E3872D7950}.Release|Any CPU.ActiveCfg = Release|Any CPU
		{C9291A22-3E54-461E-856D-E3E3872D7950}.Release|Any CPU.Build.0 = Release|Any CPU
		{DBF0196D-3621-4F62-93A0-88DC254ABBC9}.Debug|Any CPU.ActiveCfg = Debug|Any CPU
		{DBF0196D-3621-4F62-93A0-88DC254ABBC9}.Debug|Any CPU.Build.0 = Debug|Any CPU
		{DBF0196D-3621-4F62-93A0-88DC254ABBC9}.Release|Any CPU.ActiveCfg = Release|Any CPU
		{DBF0196D-3621-4F62-93A0-88DC254ABBC9}.Release|Any CPU.Build.0 = Release|Any CPU
		{15C44A1D-A1D2-4971-BA86-A9D90A556AEF}.Debug|Any CPU.ActiveCfg = Debug|Any CPU
		{15C44A1D-A1D2-4971-BA86-A9D90A556AEF}.Debug|Any CPU.Build.0 = Debug|Any CPU
		{15C44A1D-A1D2-4971-BA86-A9D90A556AEF}.Release|Any CPU.ActiveCfg = Release|Any CPU
		{15C44A1D-A1D2-4971-BA86-A9D90A556AEF}.Release|Any CPU.Build.0 = Release|Any CPU
		{F3151F35-E9C7-4912-8F3D-17415169EBE4}.Debug|Any CPU.ActiveCfg = Debug|Any CPU
		{F3151F35-E9C7-4912-8F3D-17415169EBE4}.Debug|Any CPU.Build.0 = Debug|Any CPU
		{F3151F35-E9C7-4912-8F3D-17415169EBE4}.Release|Any CPU.ActiveCfg = Release|Any CPU
		{F3151F35-E9C7-4912-8F3D-17415169EBE4}.Release|Any CPU.Build.0 = Release|Any CPU
		{3B7A0A0A-9CCB-42E6-8365-11DF87F501E9}.Debug|Any CPU.ActiveCfg = Debug|Any CPU
		{3B7A0A0A-9CCB-42E6-8365-11DF87F501E9}.Debug|Any CPU.Build.0 = Debug|Any CPU
		{3B7A0A0A-9CCB-42E6-8365-11DF87F501E9}.Release|Any CPU.ActiveCfg = Release|Any CPU
		{3B7A0A0A-9CCB-42E6-8365-11DF87F501E9}.Release|Any CPU.Build.0 = Release|Any CPU
	EndGlobalSection
	GlobalSection(SolutionProperties) = preSolution
		HideSolutionNode = FALSE
	EndGlobalSection
EndGlobal
