
Microsoft Visual Studio Solution File, Format Version 12.00
# Visual Studio 15
VisualStudioVersion = 15.0.26430.16
MinimumVisualStudioVersion = 10.0.40219.1
Project("{FAE04EC0-301F-11D3-BF4B-00C04F79EFBC}") = "01.ExcellentResult", "01.ExcellentResult\01.ExcellentResult.csproj", "{09B79A57-DB18-43C7-BBA2-3D43DADD78E7}"
EndProject
Project("{FAE04EC0-301F-11D3-BF4B-00C04F79EFBC}") = "02.ExcellentOrNot", "02.ExcellentOrNot\02.ExcellentOrNot.csproj", "{06E2E885-1351-4319-B8B8-1CD177918926}"
EndProject
Project("{FAE04EC0-301F-11D3-BF4B-00C04F79EFBC}") = "03.EvenOrOdd", "03.EvenOrOdd\03.EvenOrOdd.csproj", "{98762CB4-C8A7-4857-8342-06F0694F5D55}"
EndProject
Project("{FAE04EC0-301F-11D3-BF4B-00C04F79EFBC}") = "04.GreaterNumber", "04.GreaterNumber\04.GreaterNumber.csproj", "{B1EED1B8-1857-488D-837E-B0405EA118D2}"
EndProject
Project("{FAE04EC0-301F-11D3-BF4B-00C04F79EFBC}") = "05.NumberZeroToNineText", "05.NumberZeroToNineText\05.NumberZeroToNineText.csproj", "{7CAB3C4D-E9E2-4CAF-B4B4-01EEBAD9C3D2}"
EndProject
Project("{FAE04EC0-301F-11D3-BF4B-00C04F79EFBC}") = "06.BonusScore", "06.BonusScore\06.BonusScore.csproj", "{10EC012F-4C16-4ECE-9E4D-841FA867D905}"
EndProject
Project("{FAE04EC0-301F-11D3-BF4B-00C04F79EFBC}") = "07.SumSeconds", "07.SumSeconds\07.SumSeconds.csproj", "{6197CC8D-7C4E-48E6-91A7-51B128E3DFB4}"
EndProject
Project("{FAE04EC0-301F-11D3-BF4B-00C04F79EFBC}") = "08.MetricConverter", "08.MetricConverter\08.MetricConverter.csproj", "{F1D7B557-151F-4100-9D23-8BCC8D27802A}"
EndProject
Project("{FAE04EC0-301F-11D3-BF4B-00C04F79EFBC}") = "09.PasswordGuess", "09.PasswordGuess\09.PasswordGuess.csproj", "{D98A36C4-5775-4B44-BFEA-34064E0B63EA}"
EndProject
Project("{FAE04EC0-301F-11D3-BF4B-00C04F79EFBC}") = "10.CheckNumber", "10.CheckNumber\10.CheckNumber.csproj", "{1E053991-EC45-49AC-8014-3888A8E677EF}"
EndProject
Project("{FAE04EC0-301F-11D3-BF4B-00C04F79EFBC}") = "11.EqualWords", "11.EqualWords\11.EqualWords.csproj", "{E612A718-88A3-4E32-A5C3-1D221446A6B3}"
EndProject
Project("{FAE04EC0-301F-11D3-BF4B-00C04F79EFBC}") = "12.SpeedInfo", "12.SpeedInfo\12.SpeedInfo.csproj", "{5C5A0194-2D87-447C-97F4-CD8E7A14F75C}"
EndProject
Project("{FAE04EC0-301F-11D3-BF4B-00C04F79EFBC}") = "13.AreaOfFigures", "13.AreaOfFigures\13.AreaOfFigures.csproj", "{D0B1FDFD-6B87-4C11-8488-FB358018FEF0}"
EndProject
Project("{FAE04EC0-301F-11D3-BF4B-00C04F79EFBC}") = "14.TimePlus15Minutes", "14.TimePlus15Minutes\14.TimePlus15Minutes.csproj", "{06C17235-9060-456B-98E6-5FA10BB88CCE}"
EndProject
Project("{FAE04EC0-301F-11D3-BF4B-00C04F79EFBC}") = "15.ThreeEqualNums", "15.ThreeEqualNums\15.ThreeEqualNums.csproj", "{EB8EA051-342A-4202-BE60-DE3478EF1E1D}"
EndProject
Project("{FAE04EC0-301F-11D3-BF4B-00C04F79EFBC}") = "16.NumberToText", "16.NumberToText\16.NumberToText.csproj", "{6A0CB34C-29F3-4147-A6A5-532D7F22FBEE}"
EndProject
Project("{FAE04EC0-301F-11D3-BF4B-00C04F79EFBC}") = "18.TransportPrice", "18.TransportPrice\18.TransportPrice.csproj", "{80A58296-A0CB-499B-A457-AFC6339A06DD}"
EndProject
Project("{FAE04EC0-301F-11D3-BF4B-00C04F79EFBC}") = "19.PipesInPool", "19.PipesInPool\19.PipesInPool.csproj", "{9EB673A5-9D96-40C0-A974-B19B03E766A7}"
EndProject
Project("{FAE04EC0-301F-11D3-BF4B-00C04F79EFBC}") = "20.SleepyTom", "20.SleepyTom\20.SleepyTom.csproj", "{796613C4-06B9-4D45-8C70-A48FC7488226}"
EndProject
Project("{FAE04EC0-301F-11D3-BF4B-00C04F79EFBC}") = "21.Harvest", "21.Harvest\21.Harvest.csproj", "{1320D202-CFB3-4B81-B947-8A276639F3FD}"
EndProject
Project("{FAE04EC0-301F-11D3-BF4B-00C04F79EFBC}") = "22.Company", "22.Company\22.Company.csproj", "{2131AA10-C307-453C-AAB8-8EFFF17B4825}"
EndProject
Global
	GlobalSection(SolutionConfigurationPlatforms) = preSolution
		Debug|Any CPU = Debug|Any CPU
		Release|Any CPU = Release|Any CPU
	EndGlobalSection
	GlobalSection(ProjectConfigurationPlatforms) = postSolution
		{09B79A57-DB18-43C7-BBA2-3D43DADD78E7}.Debug|Any CPU.ActiveCfg = Debug|Any CPU
		{09B79A57-DB18-43C7-BBA2-3D43DADD78E7}.Debug|Any CPU.Build.0 = Debug|Any CPU
		{09B79A57-DB18-43C7-BBA2-3D43DADD78E7}.Release|Any CPU.ActiveCfg = Release|Any CPU
		{09B79A57-DB18-43C7-BBA2-3D43DADD78E7}.Release|Any CPU.Build.0 = Release|Any CPU
		{06E2E885-1351-4319-B8B8-1CD177918926}.Debug|Any CPU.ActiveCfg = Debug|Any CPU
		{06E2E885-1351-4319-B8B8-1CD177918926}.Debug|Any CPU.Build.0 = Debug|Any CPU
		{06E2E885-1351-4319-B8B8-1CD177918926}.Release|Any CPU.ActiveCfg = Release|Any CPU
		{06E2E885-1351-4319-B8B8-1CD177918926}.Release|Any CPU.Build.0 = Release|Any CPU
		{98762CB4-C8A7-4857-8342-06F0694F5D55}.Debug|Any CPU.ActiveCfg = Debug|Any CPU
		{98762CB4-C8A7-4857-8342-06F0694F5D55}.Debug|Any CPU.Build.0 = Debug|Any CPU
		{98762CB4-C8A7-4857-8342-06F0694F5D55}.Release|Any CPU.ActiveCfg = Release|Any CPU
		{98762CB4-C8A7-4857-8342-06F0694F5D55}.Release|Any CPU.Build.0 = Release|Any CPU
		{B1EED1B8-1857-488D-837E-B0405EA118D2}.Debug|Any CPU.ActiveCfg = Debug|Any CPU
		{B1EED1B8-1857-488D-837E-B0405EA118D2}.Debug|Any CPU.Build.0 = Debug|Any CPU
		{B1EED1B8-1857-488D-837E-B0405EA118D2}.Release|Any CPU.ActiveCfg = Release|Any CPU
		{B1EED1B8-1857-488D-837E-B0405EA118D2}.Release|Any CPU.Build.0 = Release|Any CPU
		{7CAB3C4D-E9E2-4CAF-B4B4-01EEBAD9C3D2}.Debug|Any CPU.ActiveCfg = Debug|Any CPU
		{7CAB3C4D-E9E2-4CAF-B4B4-01EEBAD9C3D2}.Debug|Any CPU.Build.0 = Debug|Any CPU
		{7CAB3C4D-E9E2-4CAF-B4B4-01EEBAD9C3D2}.Release|Any CPU.ActiveCfg = Release|Any CPU
		{7CAB3C4D-E9E2-4CAF-B4B4-01EEBAD9C3D2}.Release|Any CPU.Build.0 = Release|Any CPU
		{10EC012F-4C16-4ECE-9E4D-841FA867D905}.Debug|Any CPU.ActiveCfg = Debug|Any CPU
		{10EC012F-4C16-4ECE-9E4D-841FA867D905}.Debug|Any CPU.Build.0 = Debug|Any CPU
		{10EC012F-4C16-4ECE-9E4D-841FA867D905}.Release|Any CPU.ActiveCfg = Release|Any CPU
		{10EC012F-4C16-4ECE-9E4D-841FA867D905}.Release|Any CPU.Build.0 = Release|Any CPU
		{6197CC8D-7C4E-48E6-91A7-51B128E3DFB4}.Debug|Any CPU.ActiveCfg = Debug|Any CPU
		{6197CC8D-7C4E-48E6-91A7-51B128E3DFB4}.Debug|Any CPU.Build.0 = Debug|Any CPU
		{6197CC8D-7C4E-48E6-91A7-51B128E3DFB4}.Release|Any CPU.ActiveCfg = Release|Any CPU
		{6197CC8D-7C4E-48E6-91A7-51B128E3DFB4}.Release|Any CPU.Build.0 = Release|Any CPU
		{F1D7B557-151F-4100-9D23-8BCC8D27802A}.Debug|Any CPU.ActiveCfg = Debug|Any CPU
		{F1D7B557-151F-4100-9D23-8BCC8D27802A}.Debug|Any CPU.Build.0 = Debug|Any CPU
		{F1D7B557-151F-4100-9D23-8BCC8D27802A}.Release|Any CPU.ActiveCfg = Release|Any CPU
		{F1D7B557-151F-4100-9D23-8BCC8D27802A}.Release|Any CPU.Build.0 = Release|Any CPU
		{D98A36C4-5775-4B44-BFEA-34064E0B63EA}.Debug|Any CPU.ActiveCfg = Debug|Any CPU
		{D98A36C4-5775-4B44-BFEA-34064E0B63EA}.Debug|Any CPU.Build.0 = Debug|Any CPU
		{D98A36C4-5775-4B44-BFEA-34064E0B63EA}.Release|Any CPU.ActiveCfg = Release|Any CPU
		{D98A36C4-5775-4B44-BFEA-34064E0B63EA}.Release|Any CPU.Build.0 = Release|Any CPU
		{1E053991-EC45-49AC-8014-3888A8E677EF}.Debug|Any CPU.ActiveCfg = Debug|Any CPU
		{1E053991-EC45-49AC-8014-3888A8E677EF}.Debug|Any CPU.Build.0 = Debug|Any CPU
		{1E053991-EC45-49AC-8014-3888A8E677EF}.Release|Any CPU.ActiveCfg = Release|Any CPU
		{1E053991-EC45-49AC-8014-3888A8E677EF}.Release|Any CPU.Build.0 = Release|Any CPU
		{E612A718-88A3-4E32-A5C3-1D221446A6B3}.Debug|Any CPU.ActiveCfg = Debug|Any CPU
		{E612A718-88A3-4E32-A5C3-1D221446A6B3}.Debug|Any CPU.Build.0 = Debug|Any CPU
		{E612A718-88A3-4E32-A5C3-1D221446A6B3}.Release|Any CPU.ActiveCfg = Release|Any CPU
		{E612A718-88A3-4E32-A5C3-1D221446A6B3}.Release|Any CPU.Build.0 = Release|Any CPU
		{5C5A0194-2D87-447C-97F4-CD8E7A14F75C}.Debug|Any CPU.ActiveCfg = Debug|Any CPU
		{5C5A0194-2D87-447C-97F4-CD8E7A14F75C}.Debug|Any CPU.Build.0 = Debug|Any CPU
		{5C5A0194-2D87-447C-97F4-CD8E7A14F75C}.Release|Any CPU.ActiveCfg = Release|Any CPU
		{5C5A0194-2D87-447C-97F4-CD8E7A14F75C}.Release|Any CPU.Build.0 = Release|Any CPU
		{D0B1FDFD-6B87-4C11-8488-FB358018FEF0}.Debug|Any CPU.ActiveCfg = Debug|Any CPU
		{D0B1FDFD-6B87-4C11-8488-FB358018FEF0}.Debug|Any CPU.Build.0 = Debug|Any CPU
		{D0B1FDFD-6B87-4C11-8488-FB358018FEF0}.Release|Any CPU.ActiveCfg = Release|Any CPU
		{D0B1FDFD-6B87-4C11-8488-FB358018FEF0}.Release|Any CPU.Build.0 = Release|Any CPU
		{06C17235-9060-456B-98E6-5FA10BB88CCE}.Debug|Any CPU.ActiveCfg = Debug|Any CPU
		{06C17235-9060-456B-98E6-5FA10BB88CCE}.Debug|Any CPU.Build.0 = Debug|Any CPU
		{06C17235-9060-456B-98E6-5FA10BB88CCE}.Release|Any CPU.ActiveCfg = Release|Any CPU
		{06C17235-9060-456B-98E6-5FA10BB88CCE}.Release|Any CPU.Build.0 = Release|Any CPU
		{EB8EA051-342A-4202-BE60-DE3478EF1E1D}.Debug|Any CPU.ActiveCfg = Debug|Any CPU
		{EB8EA051-342A-4202-BE60-DE3478EF1E1D}.Debug|Any CPU.Build.0 = Debug|Any CPU
		{EB8EA051-342A-4202-BE60-DE3478EF1E1D}.Release|Any CPU.ActiveCfg = Release|Any CPU
		{EB8EA051-342A-4202-BE60-DE3478EF1E1D}.Release|Any CPU.Build.0 = Release|Any CPU
		{6A0CB34C-29F3-4147-A6A5-532D7F22FBEE}.Debug|Any CPU.ActiveCfg = Debug|Any CPU
		{6A0CB34C-29F3-4147-A6A5-532D7F22FBEE}.Debug|Any CPU.Build.0 = Debug|Any CPU
		{6A0CB34C-29F3-4147-A6A5-532D7F22FBEE}.Release|Any CPU.ActiveCfg = Release|Any CPU
		{6A0CB34C-29F3-4147-A6A5-532D7F22FBEE}.Release|Any CPU.Build.0 = Release|Any CPU
		{80A58296-A0CB-499B-A457-AFC6339A06DD}.Debug|Any CPU.ActiveCfg = Debug|Any CPU
		{80A58296-A0CB-499B-A457-AFC6339A06DD}.Debug|Any CPU.Build.0 = Debug|Any CPU
		{80A58296-A0CB-499B-A457-AFC6339A06DD}.Release|Any CPU.ActiveCfg = Release|Any CPU
		{80A58296-A0CB-499B-A457-AFC6339A06DD}.Release|Any CPU.Build.0 = Release|Any CPU
		{9EB673A5-9D96-40C0-A974-B19B03E766A7}.Debug|Any CPU.ActiveCfg = Debug|Any CPU
		{9EB673A5-9D96-40C0-A974-B19B03E766A7}.Debug|Any CPU.Build.0 = Debug|Any CPU
		{9EB673A5-9D96-40C0-A974-B19B03E766A7}.Release|Any CPU.ActiveCfg = Release|Any CPU
		{9EB673A5-9D96-40C0-A974-B19B03E766A7}.Release|Any CPU.Build.0 = Release|Any CPU
		{796613C4-06B9-4D45-8C70-A48FC7488226}.Debug|Any CPU.ActiveCfg = Debug|Any CPU
		{796613C4-06B9-4D45-8C70-A48FC7488226}.Debug|Any CPU.Build.0 = Debug|Any CPU
		{796613C4-06B9-4D45-8C70-A48FC7488226}.Release|Any CPU.ActiveCfg = Release|Any CPU
		{796613C4-06B9-4D45-8C70-A48FC7488226}.Release|Any CPU.Build.0 = Release|Any CPU
		{1320D202-CFB3-4B81-B947-8A276639F3FD}.Debug|Any CPU.ActiveCfg = Debug|Any CPU
		{1320D202-CFB3-4B81-B947-8A276639F3FD}.Debug|Any CPU.Build.0 = Debug|Any CPU
		{1320D202-CFB3-4B81-B947-8A276639F3FD}.Release|Any CPU.ActiveCfg = Release|Any CPU
		{1320D202-CFB3-4B81-B947-8A276639F3FD}.Release|Any CPU.Build.0 = Release|Any CPU
		{2131AA10-C307-453C-AAB8-8EFFF17B4825}.Debug|Any CPU.ActiveCfg = Debug|Any CPU
		{2131AA10-C307-453C-AAB8-8EFFF17B4825}.Debug|Any CPU.Build.0 = Debug|Any CPU
		{2131AA10-C307-453C-AAB8-8EFFF17B4825}.Release|Any CPU.ActiveCfg = Release|Any CPU
		{2131AA10-C307-453C-AAB8-8EFFF17B4825}.Release|Any CPU.Build.0 = Release|Any CPU
	EndGlobalSection
	GlobalSection(SolutionProperties) = preSolution
		HideSolutionNode = FALSE
	EndGlobalSection
EndGlobal
