
Microsoft Visual Studio Solution File, Format Version 12.00
# Visual Studio 15
VisualStudioVersion = 15.0.26430.16
MinimumVisualStudioVersion = 10.0.40219.1
Project("{FAE04EC0-301F-11D3-BF4B-00C04F79EFBC}") = "00.Demo", "00.Demo\00.Demo.csproj", "{5EB56C5F-416E-4D8E-9A3D-56F6A56A7D6A}"
EndProject
Project("{FAE04EC0-301F-11D3-BF4B-00C04F79EFBC}") = "01.CrossingSequences", "01.CrossingSequences\01.CrossingSequences.csproj", "{1E1CF4DE-BE4E-4A4D-AEF3-BF589EF95076}"
EndProject
Project("{FAE04EC0-301F-11D3-BF4B-00C04F79EFBC}") = "00.Test", "00.Test\00.Test.csproj", "{9B23FAE7-183E-464F-8055-1D7F3C0FB601}"
EndProject
Project("{FAE04EC0-301F-11D3-BF4B-00C04F79EFBC}") = "02.MagicDates", "02.MagicDates\02.MagicDates.csproj", "{0DB8AE6C-39E6-4027-8AAD-0D5FE4B17232}"
EndProject
Project("{FAE04EC0-301F-11D3-BF4B-00C04F79EFBC}") = "03.FiveSpecialLetters", "03.FiveSpecialLetters\03.FiveSpecialLetters.csproj", "{FE795A1F-0CF0-49DC-B317-A8DF1C2A5303}"
EndProject
Global
	GlobalSection(SolutionConfigurationPlatforms) = preSolution
		Debug|Any CPU = Debug|Any CPU
		Release|Any CPU = Release|Any CPU
	EndGlobalSection
	GlobalSection(ProjectConfigurationPlatforms) = postSolution
		{5EB56C5F-416E-4D8E-9A3D-56F6A56A7D6A}.Debug|Any CPU.ActiveCfg = Debug|Any CPU
		{5EB56C5F-416E-4D8E-9A3D-56F6A56A7D6A}.Debug|Any CPU.Build.0 = Debug|Any CPU
		{5EB56C5F-416E-4D8E-9A3D-56F6A56A7D6A}.Release|Any CPU.ActiveCfg = Release|Any CPU
		{5EB56C5F-416E-4D8E-9A3D-56F6A56A7D6A}.Release|Any CPU.Build.0 = Release|Any CPU
		{1E1CF4DE-BE4E-4A4D-AEF3-BF589EF95076}.Debug|Any CPU.ActiveCfg = Debug|Any CPU
		{1E1CF4DE-BE4E-4A4D-AEF3-BF589EF95076}.Debug|Any CPU.Build.0 = Debug|Any CPU
		{1E1CF4DE-BE4E-4A4D-AEF3-BF589EF95076}.Release|Any CPU.ActiveCfg = Release|Any CPU
		{1E1CF4DE-BE4E-4A4D-AEF3-BF589EF95076}.Release|Any CPU.Build.0 = Release|Any CPU
		{9B23FAE7-183E-464F-8055-1D7F3C0FB601}.Debug|Any CPU.ActiveCfg = Debug|Any CPU
		{9B23FAE7-183E-464F-8055-1D7F3C0FB601}.Debug|Any CPU.Build.0 = Debug|Any CPU
		{9B23FAE7-183E-464F-8055-1D7F3C0FB601}.Release|Any CPU.ActiveCfg = Release|Any CPU
		{9B23FAE7-183E-464F-8055-1D7F3C0FB601}.Release|Any CPU.Build.0 = Release|Any CPU
		{0DB8AE6C-39E6-4027-8AAD-0D5FE4B17232}.Debug|Any CPU.ActiveCfg = Debug|Any CPU
		{0DB8AE6C-39E6-4027-8AAD-0D5FE4B17232}.Debug|Any CPU.Build.0 = Debug|Any CPU
		{0DB8AE6C-39E6-4027-8AAD-0D5FE4B17232}.Release|Any CPU.ActiveCfg = Release|Any CPU
		{0DB8AE6C-39E6-4027-8AAD-0D5FE4B17232}.Release|Any CPU.Build.0 = Release|Any CPU
		{FE795A1F-0CF0-49DC-B317-A8DF1C2A5303}.Debug|Any CPU.ActiveCfg = Debug|Any CPU
		{FE795A1F-0CF0-49DC-B317-A8DF1C2A5303}.Debug|Any CPU.Build.0 = Debug|Any CPU
		{FE795A1F-0CF0-49DC-B317-A8DF1C2A5303}.Release|Any CPU.ActiveCfg = Release|Any CPU
		{FE795A1F-0CF0-49DC-B317-A8DF1C2A5303}.Release|Any CPU.Build.0 = Release|Any CPU
	EndGlobalSection
	GlobalSection(SolutionProperties) = preSolution
		HideSolutionNode = FALSE
	EndGlobalSection
EndGlobal
