
Microsoft Visual Studio Solution File, Format Version 12.00
# Visual Studio 15
VisualStudioVersion = 15.0.26430.16
MinimumVisualStudioVersion = 10.0.40219.1
Project("{FAE04EC0-301F-11D3-BF4B-00C04F79EFBC}") = "00.Demo", "00.Demo\00.Demo.csproj", "{380DD545-918D-43C5-9284-A9EAB074D84A}"
EndProject
Project("{FAE04EC0-301F-11D3-BF4B-00C04F79EFBC}") = "01.NumbersFrom1To100", "01.NumbersFrom1To100\01.NumbersFrom1To100.csproj", "{2AA13E0F-48E9-49E0-9D3F-C94072C2CF09}"
EndProject
Project("{FAE04EC0-301F-11D3-BF4B-00C04F79EFBC}") = "02.NumbersEndingIn7", "02.NumbersEndingIn7\02.NumbersEndingIn7.csproj", "{5CE9967E-6ED5-41BE-A600-A10C0A490D6B}"
EndProject
Project("{FAE04EC0-301F-11D3-BF4B-00C04F79EFBC}") = "03.LatinLetters", "03.LatinLetters\03.LatinLetters.csproj", "{38941707-B14A-4EFD-ADD1-385B96669903}"
EndProject
Project("{FAE04EC0-301F-11D3-BF4B-00C04F79EFBC}") = "04.SumNumbers", "04.SumNumbers\04.SumNumbers.csproj", "{85554426-E3C7-442F-8DBD-3BC0C27BA8FE}"
EndProject
Project("{FAE04EC0-301F-11D3-BF4B-00C04F79EFBC}") = "05.MaxNumber", "05.MaxNumber\05.MaxNumber.csproj", "{ACE3B5DE-CC1A-407D-A225-7662E2B251CA}"
EndProject
Project("{FAE04EC0-301F-11D3-BF4B-00C04F79EFBC}") = "06.MinNumber", "06.MinNumber\06.MinNumber.csproj", "{CD005C8D-44F7-40E6-BC2D-679EC53FF4A1}"
EndProject
Project("{FAE04EC0-301F-11D3-BF4B-00C04F79EFBC}") = "07.LeftAndRightSum", "07.LeftAndRightSum\07.LeftAndRightSum.csproj", "{6FFBC2F7-194D-4082-94C0-5760E9266235}"
EndProject
Project("{FAE04EC0-301F-11D3-BF4B-00C04F79EFBC}") = "08.OddEvenSum", "08.OddEvenSum\08.OddEvenSum.csproj", "{36A1706E-B7FD-42D4-9DB8-B5D87A5687FF}"
EndProject
Project("{FAE04EC0-301F-11D3-BF4B-00C04F79EFBC}") = "09.VowelsSum", "09.VowelsSum\09.VowelsSum.csproj", "{4998030C-73F1-4799-B442-75DC2E2B4524}"
EndProject
Project("{FAE04EC0-301F-11D3-BF4B-00C04F79EFBC}") = "10.HalfSumElement", "10.HalfSumElement\10.HalfSumElement.csproj", "{7E3AA54D-70F8-40EA-B234-D2A8DF4536E8}"
EndProject
Project("{FAE04EC0-301F-11D3-BF4B-00C04F79EFBC}") = "11.EvenOddPosition", "11.EvenOddPosition\11.EvenOddPosition.csproj", "{0EA53F35-C119-4E9E-A9EF-1F1238C33FF2}"
EndProject
Project("{FAE04EC0-301F-11D3-BF4B-00C04F79EFBC}") = "12.EqualPairs", "12.EqualPairs\12.EqualPairs.csproj", "{84D1FA28-9E22-479F-BD6D-06207BA96B8B}"
EndProject
Project("{FAE04EC0-301F-11D3-BF4B-00C04F79EFBC}") = "13.Histogram", "13.Histogram\13.Histogram.csproj", "{DE8F63DC-6050-42DA-AF50-4A71A368259B}"
EndProject
Project("{FAE04EC0-301F-11D3-BF4B-00C04F79EFBC}") = "15.SmartLilly", "15.SmartLilly\15.SmartLilly.csproj", "{F7F4FE34-9C87-4B97-B206-3B220F23AA5D}"
EndProject
Project("{FAE04EC0-301F-11D3-BF4B-00C04F79EFBC}") = "14.BackToThePast", "14.BackToThePast\14.BackToThePast.csproj", "{AE209E2B-29A8-42B1-94D4-2C2B32CDF3E1}"
EndProject
Project("{FAE04EC0-301F-11D3-BF4B-00C04F79EFBC}") = "16.Hospital", "16.Hospital\16.Hospital.csproj", "{71FF0F2A-A51C-482F-935C-712FD4059B3D}"
EndProject
Project("{FAE04EC0-301F-11D3-BF4B-00C04F79EFBC}") = "17.Division", "17.Division\17.Division.csproj", "{81F81078-B4D8-4C9E-AA71-80C5F290D578}"
EndProject
Project("{FAE04EC0-301F-11D3-BF4B-00C04F79EFBC}") = "18.Logistics", "18.Logistics\18.Logistics.csproj", "{72054763-8AFE-46A7-B5DC-D8954BE23AFB}"
EndProject
Global
	GlobalSection(SolutionConfigurationPlatforms) = preSolution
		Debug|Any CPU = Debug|Any CPU
		Release|Any CPU = Release|Any CPU
	EndGlobalSection
	GlobalSection(ProjectConfigurationPlatforms) = postSolution
		{380DD545-918D-43C5-9284-A9EAB074D84A}.Debug|Any CPU.ActiveCfg = Debug|Any CPU
		{380DD545-918D-43C5-9284-A9EAB074D84A}.Debug|Any CPU.Build.0 = Debug|Any CPU
		{380DD545-918D-43C5-9284-A9EAB074D84A}.Release|Any CPU.ActiveCfg = Release|Any CPU
		{380DD545-918D-43C5-9284-A9EAB074D84A}.Release|Any CPU.Build.0 = Release|Any CPU
		{2AA13E0F-48E9-49E0-9D3F-C94072C2CF09}.Debug|Any CPU.ActiveCfg = Debug|Any CPU
		{2AA13E0F-48E9-49E0-9D3F-C94072C2CF09}.Debug|Any CPU.Build.0 = Debug|Any CPU
		{2AA13E0F-48E9-49E0-9D3F-C94072C2CF09}.Release|Any CPU.ActiveCfg = Release|Any CPU
		{2AA13E0F-48E9-49E0-9D3F-C94072C2CF09}.Release|Any CPU.Build.0 = Release|Any CPU
		{5CE9967E-6ED5-41BE-A600-A10C0A490D6B}.Debug|Any CPU.ActiveCfg = Debug|Any CPU
		{5CE9967E-6ED5-41BE-A600-A10C0A490D6B}.Debug|Any CPU.Build.0 = Debug|Any CPU
		{5CE9967E-6ED5-41BE-A600-A10C0A490D6B}.Release|Any CPU.ActiveCfg = Release|Any CPU
		{5CE9967E-6ED5-41BE-A600-A10C0A490D6B}.Release|Any CPU.Build.0 = Release|Any CPU
		{38941707-B14A-4EFD-ADD1-385B96669903}.Debug|Any CPU.ActiveCfg = Debug|Any CPU
		{38941707-B14A-4EFD-ADD1-385B96669903}.Debug|Any CPU.Build.0 = Debug|Any CPU
		{38941707-B14A-4EFD-ADD1-385B96669903}.Release|Any CPU.ActiveCfg = Release|Any CPU
		{38941707-B14A-4EFD-ADD1-385B96669903}.Release|Any CPU.Build.0 = Release|Any CPU
		{85554426-E3C7-442F-8DBD-3BC0C27BA8FE}.Debug|Any CPU.ActiveCfg = Debug|Any CPU
		{85554426-E3C7-442F-8DBD-3BC0C27BA8FE}.Debug|Any CPU.Build.0 = Debug|Any CPU
		{85554426-E3C7-442F-8DBD-3BC0C27BA8FE}.Release|Any CPU.ActiveCfg = Release|Any CPU
		{85554426-E3C7-442F-8DBD-3BC0C27BA8FE}.Release|Any CPU.Build.0 = Release|Any CPU
		{ACE3B5DE-CC1A-407D-A225-7662E2B251CA}.Debug|Any CPU.ActiveCfg = Debug|Any CPU
		{ACE3B5DE-CC1A-407D-A225-7662E2B251CA}.Debug|Any CPU.Build.0 = Debug|Any CPU
		{ACE3B5DE-CC1A-407D-A225-7662E2B251CA}.Release|Any CPU.ActiveCfg = Release|Any CPU
		{ACE3B5DE-CC1A-407D-A225-7662E2B251CA}.Release|Any CPU.Build.0 = Release|Any CPU
		{CD005C8D-44F7-40E6-BC2D-679EC53FF4A1}.Debug|Any CPU.ActiveCfg = Debug|Any CPU
		{CD005C8D-44F7-40E6-BC2D-679EC53FF4A1}.Debug|Any CPU.Build.0 = Debug|Any CPU
		{CD005C8D-44F7-40E6-BC2D-679EC53FF4A1}.Release|Any CPU.ActiveCfg = Release|Any CPU
		{CD005C8D-44F7-40E6-BC2D-679EC53FF4A1}.Release|Any CPU.Build.0 = Release|Any CPU
		{6FFBC2F7-194D-4082-94C0-5760E9266235}.Debug|Any CPU.ActiveCfg = Debug|Any CPU
		{6FFBC2F7-194D-4082-94C0-5760E9266235}.Debug|Any CPU.Build.0 = Debug|Any CPU
		{6FFBC2F7-194D-4082-94C0-5760E9266235}.Release|Any CPU.ActiveCfg = Release|Any CPU
		{6FFBC2F7-194D-4082-94C0-5760E9266235}.Release|Any CPU.Build.0 = Release|Any CPU
		{36A1706E-B7FD-42D4-9DB8-B5D87A5687FF}.Debug|Any CPU.ActiveCfg = Debug|Any CPU
		{36A1706E-B7FD-42D4-9DB8-B5D87A5687FF}.Debug|Any CPU.Build.0 = Debug|Any CPU
		{36A1706E-B7FD-42D4-9DB8-B5D87A5687FF}.Release|Any CPU.ActiveCfg = Release|Any CPU
		{36A1706E-B7FD-42D4-9DB8-B5D87A5687FF}.Release|Any CPU.Build.0 = Release|Any CPU
		{4998030C-73F1-4799-B442-75DC2E2B4524}.Debug|Any CPU.ActiveCfg = Debug|Any CPU
		{4998030C-73F1-4799-B442-75DC2E2B4524}.Debug|Any CPU.Build.0 = Debug|Any CPU
		{4998030C-73F1-4799-B442-75DC2E2B4524}.Release|Any CPU.ActiveCfg = Release|Any CPU
		{4998030C-73F1-4799-B442-75DC2E2B4524}.Release|Any CPU.Build.0 = Release|Any CPU
		{7E3AA54D-70F8-40EA-B234-D2A8DF4536E8}.Debug|Any CPU.ActiveCfg = Debug|Any CPU
		{7E3AA54D-70F8-40EA-B234-D2A8DF4536E8}.Debug|Any CPU.Build.0 = Debug|Any CPU
		{7E3AA54D-70F8-40EA-B234-D2A8DF4536E8}.Release|Any CPU.ActiveCfg = Release|Any CPU
		{7E3AA54D-70F8-40EA-B234-D2A8DF4536E8}.Release|Any CPU.Build.0 = Release|Any CPU
		{0EA53F35-C119-4E9E-A9EF-1F1238C33FF2}.Debug|Any CPU.ActiveCfg = Debug|Any CPU
		{0EA53F35-C119-4E9E-A9EF-1F1238C33FF2}.Debug|Any CPU.Build.0 = Debug|Any CPU
		{0EA53F35-C119-4E9E-A9EF-1F1238C33FF2}.Release|Any CPU.ActiveCfg = Release|Any CPU
		{0EA53F35-C119-4E9E-A9EF-1F1238C33FF2}.Release|Any CPU.Build.0 = Release|Any CPU
		{84D1FA28-9E22-479F-BD6D-06207BA96B8B}.Debug|Any CPU.ActiveCfg = Debug|Any CPU
		{84D1FA28-9E22-479F-BD6D-06207BA96B8B}.Debug|Any CPU.Build.0 = Debug|Any CPU
		{84D1FA28-9E22-479F-BD6D-06207BA96B8B}.Release|Any CPU.ActiveCfg = Release|Any CPU
		{84D1FA28-9E22-479F-BD6D-06207BA96B8B}.Release|Any CPU.Build.0 = Release|Any CPU
		{DE8F63DC-6050-42DA-AF50-4A71A368259B}.Debug|Any CPU.ActiveCfg = Debug|Any CPU
		{DE8F63DC-6050-42DA-AF50-4A71A368259B}.Debug|Any CPU.Build.0 = Debug|Any CPU
		{DE8F63DC-6050-42DA-AF50-4A71A368259B}.Release|Any CPU.ActiveCfg = Release|Any CPU
		{DE8F63DC-6050-42DA-AF50-4A71A368259B}.Release|Any CPU.Build.0 = Release|Any CPU
		{F7F4FE34-9C87-4B97-B206-3B220F23AA5D}.Debug|Any CPU.ActiveCfg = Debug|Any CPU
		{F7F4FE34-9C87-4B97-B206-3B220F23AA5D}.Debug|Any CPU.Build.0 = Debug|Any CPU
		{F7F4FE34-9C87-4B97-B206-3B220F23AA5D}.Release|Any CPU.ActiveCfg = Release|Any CPU
		{F7F4FE34-9C87-4B97-B206-3B220F23AA5D}.Release|Any CPU.Build.0 = Release|Any CPU
		{AE209E2B-29A8-42B1-94D4-2C2B32CDF3E1}.Debug|Any CPU.ActiveCfg = Debug|Any CPU
		{AE209E2B-29A8-42B1-94D4-2C2B32CDF3E1}.Debug|Any CPU.Build.0 = Debug|Any CPU
		{AE209E2B-29A8-42B1-94D4-2C2B32CDF3E1}.Release|Any CPU.ActiveCfg = Release|Any CPU
		{AE209E2B-29A8-42B1-94D4-2C2B32CDF3E1}.Release|Any CPU.Build.0 = Release|Any CPU
		{71FF0F2A-A51C-482F-935C-712FD4059B3D}.Debug|Any CPU.ActiveCfg = Debug|Any CPU
		{71FF0F2A-A51C-482F-935C-712FD4059B3D}.Debug|Any CPU.Build.0 = Debug|Any CPU
		{71FF0F2A-A51C-482F-935C-712FD4059B3D}.Release|Any CPU.ActiveCfg = Release|Any CPU
		{71FF0F2A-A51C-482F-935C-712FD4059B3D}.Release|Any CPU.Build.0 = Release|Any CPU
		{81F81078-B4D8-4C9E-AA71-80C5F290D578}.Debug|Any CPU.ActiveCfg = Debug|Any CPU
		{81F81078-B4D8-4C9E-AA71-80C5F290D578}.Debug|Any CPU.Build.0 = Debug|Any CPU
		{81F81078-B4D8-4C9E-AA71-80C5F290D578}.Release|Any CPU.ActiveCfg = Release|Any CPU
		{81F81078-B4D8-4C9E-AA71-80C5F290D578}.Release|Any CPU.Build.0 = Release|Any CPU
		{72054763-8AFE-46A7-B5DC-D8954BE23AFB}.Debug|Any CPU.ActiveCfg = Debug|Any CPU
		{72054763-8AFE-46A7-B5DC-D8954BE23AFB}.Debug|Any CPU.Build.0 = Debug|Any CPU
		{72054763-8AFE-46A7-B5DC-D8954BE23AFB}.Release|Any CPU.ActiveCfg = Release|Any CPU
		{72054763-8AFE-46A7-B5DC-D8954BE23AFB}.Release|Any CPU.Build.0 = Release|Any CPU
	EndGlobalSection
	GlobalSection(SolutionProperties) = preSolution
		HideSolutionNode = FALSE
	EndGlobalSection
EndGlobal
