
Microsoft Visual Studio Solution File, Format Version 12.00
# Visual Studio 15
VisualStudioVersion = 15.0.26430.16
MinimumVisualStudioVersion = 10.0.40219.1
Project("{FAE04EC0-301F-11D3-BF4B-00C04F79EFBC}") = "00.Test", "00.Test\00.Test.csproj", "{84E3B3C5-B05A-43F8-9C51-DB219593BC48}"
EndProject
Project("{FAE04EC0-301F-11D3-BF4B-00C04F79EFBC}") = "01.Distance", "01.Distance\01.Distance.csproj", "{32CA1871-17D9-4443-84B8-C37F7AA19A08}"
EndProject
Project("{FAE04EC0-301F-11D3-BF4B-00C04F79EFBC}") = "02.ChangeTiles", "02.ChangeTiles\02.ChangeTiles.csproj", "{F5B79A18-2134-4A99-9C74-CE712FC252F6}"
EndProject
Project("{FAE04EC0-301F-11D3-BF4B-00C04F79EFBC}") = "03.Flowers", "03.Flowers\03.Flowers.csproj", "{366F9345-15A5-4A45-8CA1-C2ABA4B22B86}"
EndProject
Project("{FAE04EC0-301F-11D3-BF4B-00C04F79EFBC}") = "04.Grades", "04.Grades\04.Grades.csproj", "{FE0494C6-E1E4-4E0A-9E23-1A76673CBF8E}"
EndProject
Project("{FAE04EC0-301F-11D3-BF4B-00C04F79EFBC}") = "05.ChristmasHat", "05.ChristmasHat\05.ChristmasHat.csproj", "{926C24AB-3136-4281-AA88-A78CAB8E3041}"
EndProject
Project("{FAE04EC0-301F-11D3-BF4B-00C04F79EFBC}") = "06.CombinationsOfLetters", "06.CombinationsOfLetters\06.CombinationsOfLetters.csproj", "{CA69B3EB-FFC9-41EF-9A90-CC31F54D250E}"
EndProject
Global
	GlobalSection(SolutionConfigurationPlatforms) = preSolution
		Debug|Any CPU = Debug|Any CPU
		Release|Any CPU = Release|Any CPU
	EndGlobalSection
	GlobalSection(ProjectConfigurationPlatforms) = postSolution
		{84E3B3C5-B05A-43F8-9C51-DB219593BC48}.Debug|Any CPU.ActiveCfg = Debug|Any CPU
		{84E3B3C5-B05A-43F8-9C51-DB219593BC48}.Debug|Any CPU.Build.0 = Debug|Any CPU
		{84E3B3C5-B05A-43F8-9C51-DB219593BC48}.Release|Any CPU.ActiveCfg = Release|Any CPU
		{84E3B3C5-B05A-43F8-9C51-DB219593BC48}.Release|Any CPU.Build.0 = Release|Any CPU
		{32CA1871-17D9-4443-84B8-C37F7AA19A08}.Debug|Any CPU.ActiveCfg = Debug|Any CPU
		{32CA1871-17D9-4443-84B8-C37F7AA19A08}.Debug|Any CPU.Build.0 = Debug|Any CPU
		{32CA1871-17D9-4443-84B8-C37F7AA19A08}.Release|Any CPU.ActiveCfg = Release|Any CPU
		{32CA1871-17D9-4443-84B8-C37F7AA19A08}.Release|Any CPU.Build.0 = Release|Any CPU
		{F5B79A18-2134-4A99-9C74-CE712FC252F6}.Debug|Any CPU.ActiveCfg = Debug|Any CPU
		{F5B79A18-2134-4A99-9C74-CE712FC252F6}.Debug|Any CPU.Build.0 = Debug|Any CPU
		{F5B79A18-2134-4A99-9C74-CE712FC252F6}.Release|Any CPU.ActiveCfg = Release|Any CPU
		{F5B79A18-2134-4A99-9C74-CE712FC252F6}.Release|Any CPU.Build.0 = Release|Any CPU
		{366F9345-15A5-4A45-8CA1-C2ABA4B22B86}.Debug|Any CPU.ActiveCfg = Debug|Any CPU
		{366F9345-15A5-4A45-8CA1-C2ABA4B22B86}.Debug|Any CPU.Build.0 = Debug|Any CPU
		{366F9345-15A5-4A45-8CA1-C2ABA4B22B86}.Release|Any CPU.ActiveCfg = Release|Any CPU
		{366F9345-15A5-4A45-8CA1-C2ABA4B22B86}.Release|Any CPU.Build.0 = Release|Any CPU
		{FE0494C6-E1E4-4E0A-9E23-1A76673CBF8E}.Debug|Any CPU.ActiveCfg = Debug|Any CPU
		{FE0494C6-E1E4-4E0A-9E23-1A76673CBF8E}.Debug|Any CPU.Build.0 = Debug|Any CPU
		{FE0494C6-E1E4-4E0A-9E23-1A76673CBF8E}.Release|Any CPU.ActiveCfg = Release|Any CPU
		{FE0494C6-E1E4-4E0A-9E23-1A76673CBF8E}.Release|Any CPU.Build.0 = Release|Any CPU
		{926C24AB-3136-4281-AA88-A78CAB8E3041}.Debug|Any CPU.ActiveCfg = Debug|Any CPU
		{926C24AB-3136-4281-AA88-A78CAB8E3041}.Debug|Any CPU.Build.0 = Debug|Any CPU
		{926C24AB-3136-4281-AA88-A78CAB8E3041}.Release|Any CPU.ActiveCfg = Release|Any CPU
		{926C24AB-3136-4281-AA88-A78CAB8E3041}.Release|Any CPU.Build.0 = Release|Any CPU
		{CA69B3EB-FFC9-41EF-9A90-CC31F54D250E}.Debug|Any CPU.ActiveCfg = Debug|Any CPU
		{CA69B3EB-FFC9-41EF-9A90-CC31F54D250E}.Debug|Any CPU.Build.0 = Debug|Any CPU
		{CA69B3EB-FFC9-41EF-9A90-CC31F54D250E}.Release|Any CPU.ActiveCfg = Release|Any CPU
		{CA69B3EB-FFC9-41EF-9A90-CC31F54D250E}.Release|Any CPU.Build.0 = Release|Any CPU
	EndGlobalSection
	GlobalSection(SolutionProperties) = preSolution
		HideSolutionNode = FALSE
	EndGlobalSection
EndGlobal
